// !$*UTF8*$!
{
	archiveVersion = 1;
	classes = {
	};
	objectVersion = 46;
	objects = {

/* Begin PBXAggregateTarget section */
		B524C7FF1B8B4FFF007D7785 /* Build All */ = {
			isa = PBXAggregateTarget;
			buildConfigurationList = B524C8001B8B4FFF007D7785 /* Build configuration list for PBXAggregateTarget "Build All" */;
			buildPhases = (
				B5B3F90D1F25521A006B7548 /* ShellScript */,
			);
			dependencies = (
			);
			name = "Build All";
			productName = "Build All";
		};
/* End PBXAggregateTarget section */

/* Begin PBXBuildFile section */
		B51246EB1B8C832E0090DC86 /* zlib.h in Headers */ = {isa = PBXBuildFile; fileRef = B51246EA1B8C82A10090DC86 /* zlib.h */; settings = {ATTRIBUTES = (Private, ); }; };
		B55857541EA2B7CC0051BB57 /* zlib-mac.h in Headers */ = {isa = PBXBuildFile; fileRef = B55857521EA2B7CC0051BB57 /* zlib-mac.h */; settings = {ATTRIBUTES = (Public, ); }; };
		B55857581EA2B7ED0051BB57 /* zlib.h in Headers */ = {isa = PBXBuildFile; fileRef = B51246EA1B8C82A10090DC86 /* zlib.h */; settings = {ATTRIBUTES = (Private, ); }; };
/* End PBXBuildFile section */

/* Begin PBXFileReference section */
		B51246EA1B8C82A10090DC86 /* zlib.h */ = {isa = PBXFileReference; lastKnownFileType = sourcecode.c.h; path = zlib.h; sourceTree = "<group>"; };
		B524C7F51B8B4A61007D7785 /* zlib.framework */ = {isa = PBXFileReference; explicitFileType = wrapper.framework; includeInIndex = 0; path = zlib.framework; sourceTree = BUILT_PRODUCTS_DIR; };
		B524C7F81B8B4A8A007D7785 /* Info.plist */ = {isa = PBXFileReference; fileEncoding = 4; lastKnownFileType = text.plist.xml; path = Info.plist; sourceTree = "<group>"; };
		B524C7F91B8B4A8A007D7785 /* iphoneos.modulemap */ = {isa = PBXFileReference; fileEncoding = 4; lastKnownFileType = "sourcecode.module-map"; path = iphoneos.modulemap; sourceTree = "<group>"; };
		B524C7FA1B8B4A8A007D7785 /* iphonesimulator.modulemap */ = {isa = PBXFileReference; fileEncoding = 4; lastKnownFileType = "sourcecode.module-map"; path = iphonesimulator.modulemap; sourceTree = "<group>"; };
		B524C7FB1B8B4A8A007D7785 /* macosx.modulemap */ = {isa = PBXFileReference; fileEncoding = 4; lastKnownFileType = "sourcecode.module-map"; path = macosx.modulemap; sourceTree = "<group>"; };
		B524C7FC1B8B4A8A007D7785 /* zlib.xcconfig */ = {isa = PBXFileReference; fileEncoding = 4; lastKnownFileType = text.xcconfig; path = zlib.xcconfig; sourceTree = "<group>"; };
		B52795E41B8B326000AA4B58 /* CommonCrypto.framework */ = {isa = PBXFileReference; explicitFileType = wrapper.framework; includeInIndex = 0; path = CommonCrypto.framework; sourceTree = BUILT_PRODUCTS_DIR; };
		B52795F01B8B32D000AA4B58 /* CommonCrypto.xcconfig */ = {isa = PBXFileReference; fileEncoding = 4; lastKnownFileType = text.xcconfig; path = CommonCrypto.xcconfig; sourceTree = "<group>"; };
		B52795F11B8B32D000AA4B58 /* Info.plist */ = {isa = PBXFileReference; fileEncoding = 4; lastKnownFileType = text.plist.xml; path = Info.plist; sourceTree = "<group>"; };
		B52795F21B8B32D000AA4B58 /* iphoneos.modulemap */ = {isa = PBXFileReference; fileEncoding = 4; lastKnownFileType = "sourcecode.module-map"; path = iphoneos.modulemap; sourceTree = "<group>"; };
		B52795F31B8B32D000AA4B58 /* iphonesimulator.modulemap */ = {isa = PBXFileReference; fileEncoding = 4; lastKnownFileType = "sourcecode.module-map"; path = iphonesimulator.modulemap; sourceTree = "<group>"; };
		B52795F41B8B32D000AA4B58 /* macosx.modulemap */ = {isa = PBXFileReference; fileEncoding = 4; lastKnownFileType = "sourcecode.module-map"; path = macosx.modulemap; sourceTree = "<group>"; };
		B55857501EA2B7CC0051BB57 /* zlib.framework */ = {isa = PBXFileReference; explicitFileType = wrapper.framework; includeInIndex = 0; path = zlib.framework; sourceTree = BUILT_PRODUCTS_DIR; };
		B55857521EA2B7CC0051BB57 /* zlib-mac.h */ = {isa = PBXFileReference; lastKnownFileType = sourcecode.c.h; path = "zlib-mac.h"; sourceTree = "<group>"; };
		B55857531EA2B7CC0051BB57 /* Info.plist */ = {isa = PBXFileReference; lastKnownFileType = text.plist.xml; path = Info.plist; sourceTree = "<group>"; };
		B586AED71EF724D900CA72CE /* CommonCrypto.framework */ = {isa = PBXFileReference; explicitFileType = wrapper.framework; includeInIndex = 0; path = CommonCrypto.framework; sourceTree = BUILT_PRODUCTS_DIR; };
		B586AED81EF724D900CA72CE /* CommonCryptoMac-Info.plist */ = {isa = PBXFileReference; lastKnownFileType = text.plist.xml; name = "CommonCryptoMac-Info.plist"; path = "/Users/ben/Documents/ManagedProjects/Frameworks/SwiftedFrameworks/Source/CommonCrypto/CommonCryptoMac-Info.plist"; sourceTree = "<absolute>"; };
		B5B3F90C1F255080006B7548 /* BuildCommonCrypto.sh */ = {isa = PBXFileReference; lastKnownFileType = text.script.sh; path = BuildCommonCrypto.sh; sourceTree = "<group>"; };
		B5B3F90E1F255889006B7548 /* BuildZLib.sh */ = {isa = PBXFileReference; lastKnownFileType = text.script.sh; path = BuildZLib.sh; sourceTree = "<group>"; };
/* End PBXFileReference section */

/* Begin PBXFrameworksBuildPhase section */
		B524C7EF1B8B4A61007D7785 /* Frameworks */ = {
			isa = PBXFrameworksBuildPhase;
			buildActionMask = 2147483647;
			files = (
			);
			runOnlyForDeploymentPostprocessing = 0;
		};
		B52795E01B8B326000AA4B58 /* Frameworks */ = {
			isa = PBXFrameworksBuildPhase;
			buildActionMask = 2147483647;
			files = (
			);
			runOnlyForDeploymentPostprocessing = 0;
		};
		B558574C1EA2B7CC0051BB57 /* Frameworks */ = {
			isa = PBXFrameworksBuildPhase;
			buildActionMask = 2147483647;
			files = (
			);
			runOnlyForDeploymentPostprocessing = 0;
		};
		B586AED11EF724D900CA72CE /* Frameworks */ = {
			isa = PBXFrameworksBuildPhase;
			buildActionMask = 2147483647;
			files = (
			);
			runOnlyForDeploymentPostprocessing = 0;
		};
/* End PBXFrameworksBuildPhase section */

/* Begin PBXGroup section */
		B524C7F71B8B4A8A007D7785 /* zlib */ = {
			isa = PBXGroup;
			children = (
				B524C7F81B8B4A8A007D7785 /* Info.plist */,
				B51246EA1B8C82A10090DC86 /* zlib.h */,
				B524C7F91B8B4A8A007D7785 /* iphoneos.modulemap */,
				B524C7FA1B8B4A8A007D7785 /* iphonesimulator.modulemap */,
				B524C7FB1B8B4A8A007D7785 /* macosx.modulemap */,
				B524C7FC1B8B4A8A007D7785 /* zlib.xcconfig */,
			);
			name = zlib;
			path = Source/zlib;
			sourceTree = "<group>";
		};
		B52795DA1B8B326000AA4B58 = {
			isa = PBXGroup;
			children = (
				B5B3F90E1F255889006B7548 /* BuildZLib.sh */,
				B5B3F90C1F255080006B7548 /* BuildCommonCrypto.sh */,
				B524C7F71B8B4A8A007D7785 /* zlib */,
				B52795EF1B8B32D000AA4B58 /* CommonCrypto */,
				B55857511EA2B7CC0051BB57 /* zlib-mac */,
				B52795E51B8B326000AA4B58 /* Products */,
			);
			sourceTree = "<group>";
		};
		B52795E51B8B326000AA4B58 /* Products */ = {
			isa = PBXGroup;
			children = (
				B52795E41B8B326000AA4B58 /* CommonCrypto.framework */,
				B524C7F51B8B4A61007D7785 /* zlib.framework */,
				B55857501EA2B7CC0051BB57 /* zlib.framework */,
				B586AED71EF724D900CA72CE /* CommonCrypto.framework */,
			);
			name = Products;
			sourceTree = "<group>";
		};
		B52795EF1B8B32D000AA4B58 /* CommonCrypto */ = {
			isa = PBXGroup;
			children = (
				B586AED81EF724D900CA72CE /* CommonCryptoMac-Info.plist */,
				B52795F01B8B32D000AA4B58 /* CommonCrypto.xcconfig */,
				B52795F11B8B32D000AA4B58 /* Info.plist */,
				B52795F21B8B32D000AA4B58 /* iphoneos.modulemap */,
				B52795F31B8B32D000AA4B58 /* iphonesimulator.modulemap */,
				B52795F41B8B32D000AA4B58 /* macosx.modulemap */,
			);
			name = CommonCrypto;
			path = Source/CommonCrypto;
			sourceTree = "<group>";
		};
		B55857511EA2B7CC0051BB57 /* zlib-mac */ = {
			isa = PBXGroup;
			children = (
				B55857521EA2B7CC0051BB57 /* zlib-mac.h */,
				B55857531EA2B7CC0051BB57 /* Info.plist */,
			);
			path = "zlib-mac";
			sourceTree = "<group>";
		};
/* End PBXGroup section */

/* Begin PBXHeadersBuildPhase section */
		B524C7F01B8B4A61007D7785 /* Headers */ = {
			isa = PBXHeadersBuildPhase;
			buildActionMask = 2147483647;
			files = (
				B51246EB1B8C832E0090DC86 /* zlib.h in Headers */,
			);
			runOnlyForDeploymentPostprocessing = 0;
		};
		B52795E11B8B326000AA4B58 /* Headers */ = {
			isa = PBXHeadersBuildPhase;
			buildActionMask = 2147483647;
			files = (
			);
			runOnlyForDeploymentPostprocessing = 0;
		};
		B558574D1EA2B7CC0051BB57 /* Headers */ = {
			isa = PBXHeadersBuildPhase;
			buildActionMask = 2147483647;
			files = (
				B55857541EA2B7CC0051BB57 /* zlib-mac.h in Headers */,
				B55857581EA2B7ED0051BB57 /* zlib.h in Headers */,
			);
			runOnlyForDeploymentPostprocessing = 0;
		};
		B586AED21EF724D900CA72CE /* Headers */ = {
			isa = PBXHeadersBuildPhase;
			buildActionMask = 2147483647;
			files = (
			);
			runOnlyForDeploymentPostprocessing = 0;
		};
/* End PBXHeadersBuildPhase section */

/* Begin PBXNativeTarget section */
		B524C7ED1B8B4A61007D7785 /* zlib */ = {
			isa = PBXNativeTarget;
			buildConfigurationList = B524C7F21B8B4A61007D7785 /* Build configuration list for PBXNativeTarget "zlib" */;
			buildPhases = (
				B524C7EE1B8B4A61007D7785 /* Sources */,
				B524C7EF1B8B4A61007D7785 /* Frameworks */,
				B524C7F01B8B4A61007D7785 /* Headers */,
				B524C7F11B8B4A61007D7785 /* Resources */,
			);
			buildRules = (
			);
			dependencies = (
			);
			name = zlib;
			productName = SwiftedFrameworks;
			productReference = B524C7F51B8B4A61007D7785 /* zlib.framework */;
			productType = "com.apple.product-type.framework";
		};
		B52795E31B8B326000AA4B58 /* CommonCrypto */ = {
			isa = PBXNativeTarget;
			buildConfigurationList = B52795EC1B8B326000AA4B58 /* Build configuration list for PBXNativeTarget "CommonCrypto" */;
			buildPhases = (
				B52795DF1B8B326000AA4B58 /* Sources */,
				B52795E01B8B326000AA4B58 /* Frameworks */,
				B52795E11B8B326000AA4B58 /* Headers */,
				B52795E21B8B326000AA4B58 /* Resources */,
			);
			buildRules = (
			);
			dependencies = (
			);
			name = CommonCrypto;
			productName = SwiftedFrameworks;
			productReference = B52795E41B8B326000AA4B58 /* CommonCrypto.framework */;
			productType = "com.apple.product-type.framework";
		};
		B558574F1EA2B7CC0051BB57 /* zlib-mac */ = {
			isa = PBXNativeTarget;
			buildConfigurationList = B55857571EA2B7CC0051BB57 /* Build configuration list for PBXNativeTarget "zlib-mac" */;
			buildPhases = (
				B558574B1EA2B7CC0051BB57 /* Sources */,
				B558574C1EA2B7CC0051BB57 /* Frameworks */,
				B558574D1EA2B7CC0051BB57 /* Headers */,
				B558574E1EA2B7CC0051BB57 /* Resources */,
			);
			buildRules = (
			);
			dependencies = (
			);
			name = "zlib-mac";
			productName = "zlib-mac";
			productReference = B55857501EA2B7CC0051BB57 /* zlib.framework */;
			productType = "com.apple.product-type.framework";
		};
		B586AECF1EF724D900CA72CE /* CommonCrypto-mac */ = {
			isa = PBXNativeTarget;
			buildConfigurationList = B586AED41EF724D900CA72CE /* Build configuration list for PBXNativeTarget "CommonCrypto-mac" */;
			buildPhases = (
				B586AED01EF724D900CA72CE /* Sources */,
				B586AED11EF724D900CA72CE /* Frameworks */,
				B586AED21EF724D900CA72CE /* Headers */,
				B586AED31EF724D900CA72CE /* Resources */,
			);
			buildRules = (
			);
			dependencies = (
			);
			name = "CommonCrypto-mac";
			productName = SwiftedFrameworks;
			productReference = B586AED71EF724D900CA72CE /* CommonCrypto.framework */;
			productType = "com.apple.product-type.framework";
		};
/* End PBXNativeTarget section */

/* Begin PBXProject section */
		B52795DB1B8B326000AA4B58 /* Project object */ = {
			isa = PBXProject;
			attributes = {
				LastUpgradeCheck = 0900;
				ORGANIZATIONNAME = "Stand Alone, Inc.";
				TargetAttributes = {
					B524C7ED1B8B4A61007D7785 = {
						DevelopmentTeam = YY6CWUX533;
						DevelopmentTeamName = "Stand Alone, Inc.";
						ProvisioningStyle = Automatic;
					};
					B524C7FF1B8B4FFF007D7785 = {
						CreatedOnToolsVersion = 7.0;
					};
					B52795E31B8B326000AA4B58 = {
						CreatedOnToolsVersion = 7.0;
						DevelopmentTeam = YY6CWUX533;
						DevelopmentTeamName = "Stand Alone, Inc.";
						ProvisioningStyle = Automatic;
					};
					B558574F1EA2B7CC0051BB57 = {
						CreatedOnToolsVersion = 8.3.1;
						DevelopmentTeam = YY6CWUX533;
						ProvisioningStyle = Automatic;
					};
					B586AECF1EF724D900CA72CE = {
						DevelopmentTeam = YY6CWUX533;
						ProvisioningStyle = Automatic;
					};
				};
			};
			buildConfigurationList = B52795DE1B8B326000AA4B58 /* Build configuration list for PBXProject "SwiftedFrameworks" */;
			compatibilityVersion = "Xcode 3.2";
			developmentRegion = English;
			hasScannedForEncodings = 0;
			knownRegions = (
				en,
			);
			mainGroup = B52795DA1B8B326000AA4B58;
			productRefGroup = B52795E51B8B326000AA4B58 /* Products */;
			projectDirPath = "";
			projectRoot = "";
			targets = (
				B524C7FF1B8B4FFF007D7785 /* Build All */,
				B52795E31B8B326000AA4B58 /* CommonCrypto */,
				B524C7ED1B8B4A61007D7785 /* zlib */,
				B558574F1EA2B7CC0051BB57 /* zlib-mac */,
				B586AECF1EF724D900CA72CE /* CommonCrypto-mac */,
			);
		};
/* End PBXProject section */

/* Begin PBXResourcesBuildPhase section */
		B524C7F11B8B4A61007D7785 /* Resources */ = {
			isa = PBXResourcesBuildPhase;
			buildActionMask = 2147483647;
			files = (
			);
			runOnlyForDeploymentPostprocessing = 0;
		};
		B52795E21B8B326000AA4B58 /* Resources */ = {
			isa = PBXResourcesBuildPhase;
			buildActionMask = 2147483647;
			files = (
			);
			runOnlyForDeploymentPostprocessing = 0;
		};
		B558574E1EA2B7CC0051BB57 /* Resources */ = {
			isa = PBXResourcesBuildPhase;
			buildActionMask = 2147483647;
			files = (
			);
			runOnlyForDeploymentPostprocessing = 0;
		};
		B586AED31EF724D900CA72CE /* Resources */ = {
			isa = PBXResourcesBuildPhase;
			buildActionMask = 2147483647;
			files = (
			);
			runOnlyForDeploymentPostprocessing = 0;
		};
/* End PBXResourcesBuildPhase section */

/* Begin PBXShellScriptBuildPhase section */
		B5B3F90D1F25521A006B7548 /* ShellScript */ = {
			isa = PBXShellScriptBuildPhase;
			buildActionMask = 2147483647;
			files = (
			);
			inputPaths = (
			);
			outputPaths = (
			);
			runOnlyForDeploymentPostprocessing = 0;
			shellPath = /bin/sh;
			shellScript = "./BuildCommonCrypto.sh\n./BuildZLib.sh";
		};
/* End PBXShellScriptBuildPhase section */

/* Begin PBXSourcesBuildPhase section */
		B524C7EE1B8B4A61007D7785 /* Sources */ = {
			isa = PBXSourcesBuildPhase;
			buildActionMask = 2147483647;
			files = (
			);
			runOnlyForDeploymentPostprocessing = 0;
		};
		B52795DF1B8B326000AA4B58 /* Sources */ = {
			isa = PBXSourcesBuildPhase;
			buildActionMask = 2147483647;
			files = (
			);
			runOnlyForDeploymentPostprocessing = 0;
		};
		B558574B1EA2B7CC0051BB57 /* Sources */ = {
			isa = PBXSourcesBuildPhase;
			buildActionMask = 2147483647;
			files = (
			);
			runOnlyForDeploymentPostprocessing = 0;
		};
		B586AED01EF724D900CA72CE /* Sources */ = {
			isa = PBXSourcesBuildPhase;
			buildActionMask = 2147483647;
			files = (
			);
			runOnlyForDeploymentPostprocessing = 0;
		};
/* End PBXSourcesBuildPhase section */

/* Begin XCBuildConfiguration section */
		B524C7F31B8B4A61007D7785 /* Debug */ = {
			isa = XCBuildConfiguration;
			baseConfigurationReference = B524C7FC1B8B4A8A007D7785 /* zlib.xcconfig */;
			buildSettings = {
				"CODE_SIGN_IDENTITY[sdk=iphoneos*]" = "";
				DEFINES_MODULE = YES;
				DYLIB_COMPATIBILITY_VERSION = 1;
				DYLIB_CURRENT_VERSION = 1;
				DYLIB_INSTALL_NAME_BASE = "@rpath";
				INFOPLIST_FILE = "$(SRCROOT)/Source/zlib/Info.plist";
				INSTALL_PATH = "$(LOCAL_LIBRARY_DIR)/Frameworks";
				LD_RUNPATH_SEARCH_PATHS = "$(inherited) @executable_path/Frameworks @loader_path/Frameworks";
				PRODUCT_BUNDLE_IDENTIFIER = com.standalone.zlib;
				PRODUCT_NAME = "$(TARGET_NAME)";
				SKIP_INSTALL = YES;
			};
			name = Debug;
		};
		B524C7F41B8B4A61007D7785 /* Release */ = {
			isa = XCBuildConfiguration;
			baseConfigurationReference = B524C7FC1B8B4A8A007D7785 /* zlib.xcconfig */;
			buildSettings = {
				"CODE_SIGN_IDENTITY[sdk=iphoneos*]" = "";
				DEFINES_MODULE = YES;
				DYLIB_COMPATIBILITY_VERSION = 1;
				DYLIB_CURRENT_VERSION = 1;
				DYLIB_INSTALL_NAME_BASE = "@rpath";
				INFOPLIST_FILE = "$(SRCROOT)/Source/zlib/Info.plist";
				INSTALL_PATH = "$(LOCAL_LIBRARY_DIR)/Frameworks";
				LD_RUNPATH_SEARCH_PATHS = "$(inherited) @executable_path/Frameworks @loader_path/Frameworks";
				PRODUCT_BUNDLE_IDENTIFIER = com.standalone.zlib;
				PRODUCT_NAME = "$(TARGET_NAME)";
				SKIP_INSTALL = YES;
			};
			name = Release;
		};
		B524C8011B8B4FFF007D7785 /* Debug */ = {
			isa = XCBuildConfiguration;
			buildSettings = {
				PRODUCT_NAME = "$(TARGET_NAME)";
			};
			name = Debug;
		};
		B524C8021B8B4FFF007D7785 /* Release */ = {
			isa = XCBuildConfiguration;
			buildSettings = {
				PRODUCT_NAME = "$(TARGET_NAME)";
			};
			name = Release;
		};
		B52795EA1B8B326000AA4B58 /* Debug */ = {
			isa = XCBuildConfiguration;
			buildSettings = {
				ALWAYS_SEARCH_USER_PATHS = NO;
				APPLICATION_EXTENSION_API_ONLY = YES;
				CLANG_CXX_LANGUAGE_STANDARD = "gnu++0x";
				CLANG_CXX_LIBRARY = "libc++";
				CLANG_ENABLE_MODULES = YES;
				CLANG_ENABLE_OBJC_ARC = YES;
				CLANG_WARN_BLOCK_CAPTURE_AUTORELEASING = YES;
				CLANG_WARN_BOOL_CONVERSION = YES;
				CLANG_WARN_COMMA = YES;
				CLANG_WARN_CONSTANT_CONVERSION = YES;
				CLANG_WARN_DIRECT_OBJC_ISA_USAGE = YES_ERROR;
				CLANG_WARN_EMPTY_BODY = YES;
				CLANG_WARN_ENUM_CONVERSION = YES;
				CLANG_WARN_INFINITE_RECURSION = YES;
				CLANG_WARN_INT_CONVERSION = YES;
				CLANG_WARN_NON_LITERAL_NULL_CONVERSION = YES;
				CLANG_WARN_OBJC_LITERAL_CONVERSION = YES;
				CLANG_WARN_OBJC_ROOT_CLASS = YES_ERROR;
				CLANG_WARN_RANGE_LOOP_ANALYSIS = YES;
				CLANG_WARN_STRICT_PROTOTYPES = YES;
				CLANG_WARN_SUSPICIOUS_MOVE = YES;
				CLANG_WARN_UNREACHABLE_CODE = YES;
				CLANG_WARN__DUPLICATE_METHOD_MATCH = YES;
				"CODE_SIGN_IDENTITY[sdk=iphoneos*]" = "iPhone Developer";
				COPY_PHASE_STRIP = NO;
				CURRENT_PROJECT_VERSION = 1;
				DEBUG_INFORMATION_FORMAT = dwarf;
				ENABLE_STRICT_OBJC_MSGSEND = YES;
				ENABLE_TESTABILITY = YES;
				GCC_C_LANGUAGE_STANDARD = gnu99;
				GCC_DYNAMIC_NO_PIC = NO;
				GCC_NO_COMMON_BLOCKS = YES;
				GCC_OPTIMIZATION_LEVEL = 0;
				GCC_PREPROCESSOR_DEFINITIONS = (
					"DEBUG=1",
					"$(inherited)",
				);
				GCC_WARN_64_TO_32_BIT_CONVERSION = YES;
				GCC_WARN_ABOUT_RETURN_TYPE = YES_ERROR;
				GCC_WARN_UNDECLARED_SELECTOR = YES;
				GCC_WARN_UNINITIALIZED_AUTOS = YES_AGGRESSIVE;
				GCC_WARN_UNUSED_FUNCTION = YES;
				GCC_WARN_UNUSED_VARIABLE = YES;
				IPHONEOS_DEPLOYMENT_TARGET = 9.0;
				MTL_ENABLE_DEBUG_INFO = YES;
				ONLY_ACTIVE_ARCH = YES;
				SDKROOT = iphoneos;
				SWIFT_OPTIMIZATION_LEVEL = "-Onone";
				TARGETED_DEVICE_FAMILY = "1,2";
				VERSIONING_SYSTEM = "apple-generic";
				VERSION_INFO_PREFIX = "";
			};
			name = Debug;
		};
		B52795EB1B8B326000AA4B58 /* Release */ = {
			isa = XCBuildConfiguration;
			buildSettings = {
				ALWAYS_SEARCH_USER_PATHS = NO;
				APPLICATION_EXTENSION_API_ONLY = YES;
				CLANG_CXX_LANGUAGE_STANDARD = "gnu++0x";
				CLANG_CXX_LIBRARY = "libc++";
				CLANG_ENABLE_MODULES = YES;
				CLANG_ENABLE_OBJC_ARC = YES;
				CLANG_WARN_BLOCK_CAPTURE_AUTORELEASING = YES;
				CLANG_WARN_BOOL_CONVERSION = YES;
				CLANG_WARN_COMMA = YES;
				CLANG_WARN_CONSTANT_CONVERSION = YES;
				CLANG_WARN_DIRECT_OBJC_ISA_USAGE = YES_ERROR;
				CLANG_WARN_EMPTY_BODY = YES;
				CLANG_WARN_ENUM_CONVERSION = YES;
				CLANG_WARN_INFINITE_RECURSION = YES;
				CLANG_WARN_INT_CONVERSION = YES;
				CLANG_WARN_NON_LITERAL_NULL_CONVERSION = YES;
				CLANG_WARN_OBJC_LITERAL_CONVERSION = YES;
				CLANG_WARN_OBJC_ROOT_CLASS = YES_ERROR;
				CLANG_WARN_RANGE_LOOP_ANALYSIS = YES;
				CLANG_WARN_STRICT_PROTOTYPES = YES;
				CLANG_WARN_SUSPICIOUS_MOVE = YES;
				CLANG_WARN_UNREACHABLE_CODE = YES;
				CLANG_WARN__DUPLICATE_METHOD_MATCH = YES;
				"CODE_SIGN_IDENTITY[sdk=iphoneos*]" = "iPhone Developer";
				COPY_PHASE_STRIP = NO;
				CURRENT_PROJECT_VERSION = 1;
				DEBUG_INFORMATION_FORMAT = "dwarf-with-dsym";
				ENABLE_NS_ASSERTIONS = NO;
				ENABLE_STRICT_OBJC_MSGSEND = YES;
				GCC_C_LANGUAGE_STANDARD = gnu99;
				GCC_NO_COMMON_BLOCKS = YES;
				GCC_WARN_64_TO_32_BIT_CONVERSION = YES;
				GCC_WARN_ABOUT_RETURN_TYPE = YES_ERROR;
				GCC_WARN_UNDECLARED_SELECTOR = YES;
				GCC_WARN_UNINITIALIZED_AUTOS = YES_AGGRESSIVE;
				GCC_WARN_UNUSED_FUNCTION = YES;
				GCC_WARN_UNUSED_VARIABLE = YES;
				IPHONEOS_DEPLOYMENT_TARGET = 9.0;
				MTL_ENABLE_DEBUG_INFO = NO;
				SDKROOT = iphoneos;
				TARGETED_DEVICE_FAMILY = "1,2";
				VALIDATE_PRODUCT = YES;
				VERSIONING_SYSTEM = "apple-generic";
				VERSION_INFO_PREFIX = "";
			};
			name = Release;
		};
		B52795ED1B8B326000AA4B58 /* Debug */ = {
			isa = XCBuildConfiguration;
			baseConfigurationReference = B52795F01B8B32D000AA4B58 /* CommonCrypto.xcconfig */;
			buildSettings = {
				"CODE_SIGN_IDENTITY[sdk=iphoneos*]" = "";
				DEFINES_MODULE = YES;
				DYLIB_COMPATIBILITY_VERSION = 1;
				DYLIB_CURRENT_VERSION = 1;
				DYLIB_INSTALL_NAME_BASE = "@rpath";
				INFOPLIST_FILE = "$(SRCROOT)/Source/CommonCrypto/Info.plist";
				INSTALL_PATH = "$(LOCAL_LIBRARY_DIR)/Frameworks";
				LD_RUNPATH_SEARCH_PATHS = "$(inherited) @executable_path/Frameworks @loader_path/Frameworks";
				PRODUCT_BUNDLE_IDENTIFIER = com.standalone.CommonCrypto;
				PRODUCT_NAME = "$(TARGET_NAME)";
				SKIP_INSTALL = YES;
			};
			name = Debug;
		};
		B52795EE1B8B326000AA4B58 /* Release */ = {
			isa = XCBuildConfiguration;
			baseConfigurationReference = B52795F01B8B32D000AA4B58 /* CommonCrypto.xcconfig */;
			buildSettings = {
				"CODE_SIGN_IDENTITY[sdk=iphoneos*]" = "";
				DEFINES_MODULE = YES;
				DYLIB_COMPATIBILITY_VERSION = 1;
				DYLIB_CURRENT_VERSION = 1;
				DYLIB_INSTALL_NAME_BASE = "@rpath";
				INFOPLIST_FILE = "$(SRCROOT)/Source/CommonCrypto/Info.plist";
				INSTALL_PATH = "$(LOCAL_LIBRARY_DIR)/Frameworks";
				LD_RUNPATH_SEARCH_PATHS = "$(inherited) @executable_path/Frameworks @loader_path/Frameworks";
				PRODUCT_BUNDLE_IDENTIFIER = com.standalone.CommonCrypto;
				PRODUCT_NAME = "$(TARGET_NAME)";
				SKIP_INSTALL = YES;
			};
			name = Release;
		};
		B55857551EA2B7CC0051BB57 /* Debug */ = {
			isa = XCBuildConfiguration;
			buildSettings = {
				CLANG_ANALYZER_NONNULL = YES;
				CLANG_ANALYZER_NUMBER_OBJECT_CONVERSION = YES_AGGRESSIVE;
				CLANG_WARN_DOCUMENTATION_COMMENTS = YES;
				CLANG_WARN_INFINITE_RECURSION = YES;
				CLANG_WARN_SUSPICIOUS_MOVE = YES;
				CODE_SIGN_IDENTITY = "-";
				COMBINE_HIDPI_IMAGES = YES;
				DEFINES_MODULE = YES;
				DEVELOPMENT_TEAM = YY6CWUX533;
				DYLIB_COMPATIBILITY_VERSION = 1;
				DYLIB_CURRENT_VERSION = 1;
				DYLIB_INSTALL_NAME_BASE = "@rpath";
				FRAMEWORK_VERSION = A;
				INFOPLIST_FILE = "zlib-mac/Info.plist";
				INSTALL_PATH = "$(LOCAL_LIBRARY_DIR)/Frameworks";
				LD_RUNPATH_SEARCH_PATHS = "$(inherited) @executable_path/../Frameworks @loader_path/Frameworks";
				MACOSX_DEPLOYMENT_TARGET = 10.12;
				PRODUCT_BUNDLE_IDENTIFIER = "com.standalone.zlib-mac";
				PRODUCT_NAME = zlib;
				SDKROOT = macosx;
				SKIP_INSTALL = YES;
				SWIFT_ACTIVE_COMPILATION_CONDITIONS = DEBUG;
				SWIFT_VERSION = 3.0;
			};
			name = Debug;
		};
		B55857561EA2B7CC0051BB57 /* Release */ = {
			isa = XCBuildConfiguration;
			buildSettings = {
				CLANG_ANALYZER_NONNULL = YES;
				CLANG_ANALYZER_NUMBER_OBJECT_CONVERSION = YES_AGGRESSIVE;
				CLANG_WARN_DOCUMENTATION_COMMENTS = YES;
				CLANG_WARN_INFINITE_RECURSION = YES;
				CLANG_WARN_SUSPICIOUS_MOVE = YES;
				CODE_SIGN_IDENTITY = "-";
				COMBINE_HIDPI_IMAGES = YES;
				DEFINES_MODULE = YES;
				DEVELOPMENT_TEAM = YY6CWUX533;
				DYLIB_COMPATIBILITY_VERSION = 1;
				DYLIB_CURRENT_VERSION = 1;
				DYLIB_INSTALL_NAME_BASE = "@rpath";
				FRAMEWORK_VERSION = A;
				INFOPLIST_FILE = "zlib-mac/Info.plist";
				INSTALL_PATH = "$(LOCAL_LIBRARY_DIR)/Frameworks";
				LD_RUNPATH_SEARCH_PATHS = "$(inherited) @executable_path/../Frameworks @loader_path/Frameworks";
				MACOSX_DEPLOYMENT_TARGET = 10.12;
				PRODUCT_BUNDLE_IDENTIFIER = "com.standalone.zlib-mac";
				PRODUCT_NAME = zlib;
				SDKROOT = macosx;
				SKIP_INSTALL = YES;
				SWIFT_OPTIMIZATION_LEVEL = "-Owholemodule";
				SWIFT_VERSION = 3.0;
			};
			name = Release;
		};
		B586AED51EF724D900CA72CE /* Debug */ = {
			isa = XCBuildConfiguration;
			baseConfigurationReference = B52795F01B8B32D000AA4B58 /* CommonCrypto.xcconfig */;
			buildSettings = {
				CODE_SIGN_IDENTITY = "Mac Developer";
				CODE_SIGN_STYLE = Automatic;
				DEFINES_MODULE = YES;
				DEVELOPMENT_TEAM = YY6CWUX533;
				DYLIB_COMPATIBILITY_VERSION = 1;
				DYLIB_CURRENT_VERSION = 1;
				DYLIB_INSTALL_NAME_BASE = "@rpath";
				INFOPLIST_FILE = "$(SRCROOT)/Source/CommonCrypto/CommonCryptoMac-Info.plist";
				INSTALL_PATH = "$(LOCAL_LIBRARY_DIR)/Frameworks";
				LD_RUNPATH_SEARCH_PATHS = "$(inherited) @executable_path/Frameworks @loader_path/Frameworks";
				MACOSX_DEPLOYMENT_TARGET = 10.12;
				PRODUCT_BUNDLE_IDENTIFIER = com.standalone.CommonCrypto;
				PRODUCT_NAME = CommonCrypto;
				PROVISIONING_PROFILE_SPECIFIER = "";
				SDKROOT = macosx;
				SKIP_INSTALL = YES;
			};
			name = Debug;
		};
		B586AED61EF724D900CA72CE /* Release */ = {
			isa = XCBuildConfiguration;
			baseConfigurationReference = B52795F01B8B32D000AA4B58 /* CommonCrypto.xcconfig */;
			buildSettings = {
				CODE_SIGN_IDENTITY = "Mac Developer";
				CODE_SIGN_STYLE = Automatic;
				DEFINES_MODULE = YES;
				DEVELOPMENT_TEAM = YY6CWUX533;
				DYLIB_COMPATIBILITY_VERSION = 1;
				DYLIB_CURRENT_VERSION = 1;
				DYLIB_INSTALL_NAME_BASE = "@rpath";
				INFOPLIST_FILE = "$(SRCROOT)/Source/CommonCrypto/CommonCryptoMac-Info.plist";
				INSTALL_PATH = "$(LOCAL_LIBRARY_DIR)/Frameworks";
				LD_RUNPATH_SEARCH_PATHS = "$(inherited) @executable_path/Frameworks @loader_path/Frameworks";
				MACOSX_DEPLOYMENT_TARGET = 10.12;
				PRODUCT_BUNDLE_IDENTIFIER = com.standalone.CommonCrypto;
				PRODUCT_NAME = CommonCrypto;
				PROVISIONING_PROFILE_SPECIFIER = "";
				SDKROOT = macosx;
				SKIP_INSTALL = YES;
			};
			name = Release;
		};
/* End XCBuildConfiguration section */

/* Begin XCConfigurationList section */
		B524C7F21B8B4A61007D7785 /* Build configuration list for PBXNativeTarget "zlib" */ = {
			isa = XCConfigurationList;
			buildConfigurations = (
				B524C7F31B8B4A61007D7785 /* Debug */,
				B524C7F41B8B4A61007D7785 /* Release */,
			);
			defaultConfigurationIsVisible = 0;
			defaultConfigurationName = Release;
		};
		B524C8001B8B4FFF007D7785 /* Build configuration list for PBXAggregateTarget "Build All" */ = {
			isa = XCConfigurationList;
			buildConfigurations = (
				B524C8011B8B4FFF007D7785 /* Debug */,
				B524C8021B8B4FFF007D7785 /* Release */,
			);
			defaultConfigurationIsVisible = 0;
			defaultConfigurationName = Release;
		};
		B52795DE1B8B326000AA4B58 /* Build configuration list for PBXProject "SwiftedFrameworks" */ = {
			isa = XCConfigurationList;
			buildConfigurations = (
				B52795EA1B8B326000AA4B58 /* Debug */,
				B52795EB1B8B326000AA4B58 /* Release */,
			);
			defaultConfigurationIsVisible = 0;
			defaultConfigurationName = Release;
		};
		B52795EC1B8B326000AA4B58 /* Build configuration list for PBXNativeTarget "CommonCrypto" */ = {
			isa = XCConfigurationList;
			buildConfigurations = (
				B52795ED1B8B326000AA4B58 /* Debug */,
				B52795EE1B8B326000AA4B58 /* Release */,
			);
			defaultConfigurationIsVisible = 0;
			defaultConfigurationName = Release;
		};
		B55857571EA2B7CC0051BB57 /* Build configuration list for PBXNativeTarget "zlib-mac" */ = {
			isa = XCConfigurationList;
			buildConfigurations = (
				B55857551EA2B7CC0051BB57 /* Debug */,
				B55857561EA2B7CC0051BB57 /* Release */,
			);
			defaultConfigurationIsVisible = 0;
			defaultConfigurationName = Release;
		};
		B586AED41EF724D900CA72CE /* Build configuration list for PBXNativeTarget "CommonCrypto-mac" */ = {
			isa = XCConfigurationList;
			buildConfigurations = (
				B586AED51EF724D900CA72CE /* Debug */,
				B586AED61EF724D900CA72CE /* Release */,
			);
			defaultConfigurationIsVisible = 0;
			defaultConfigurationName = Release;
		};
/* End XCConfigurationList section */
	};
	rootObject = B52795DB1B8B326000AA4B58 /* Project object */;
}
